
Microsoft Visual Studio Solution File, Format Version 12.00
# Visual Studio Version 17
VisualStudioVersion = 17.11.35208.52
MinimumVisualStudioVersion = 10.0.40219.1
Project("{9A19103F-16F7-4668-BE54-9A1E7A4F7556}") = "Supermarket-mvp", "Supermarket-mvp.csproj", "{6E830E9C-EC8A-42F0-A48D-8A1B970DE72F}"
EndProject
Global
	GlobalSection(SolutionConfigurationPlatforms) = preSolution
		Debug|Any CPU = Debug|Any CPU
		Release|Any CPU = Release|Any CPU
	EndGlobalSection
	GlobalSection(ProjectConfigurationPlatforms) = postSolution
		{6E830E9C-EC8A-42F0-A48D-8A1B970DE72F}.Debug|Any CPU.ActiveCfg = Debug|Any CPU
		{6E830E9C-EC8A-42F0-A48D-8A1B970DE72F}.Debug|Any CPU.Build.0 = Debug|Any CPU
		{6E830E9C-EC8A-42F0-A48D-8A1B970DE72F}.Release|Any CPU.ActiveCfg = Release|Any CPU
		{6E830E9C-EC8A-42F0-A48D-8A1B970DE72F}.Release|Any CPU.Build.0 = Release|Any CPU
	EndGlobalSection
	GlobalSection(SolutionProperties) = preSolution
		HideSolutionNode = FALSE
	EndGlobalSection
	GlobalSection(ExtensibilityGlobals) = postSolution
		SolutionGuid = {E700D251-52BB-4558-91C1-D122D6E07FE1}
	EndGlobalSection
EndGlobal
